
Microsoft Visual Studio Solution File, Format Version 12.00
# Visual Studio Version 17
VisualStudioVersion = 17.14.36408.4 d17.14
MinimumVisualStudioVersion = 10.0.40219.1
Project("{FAE04EC0-301F-11D3-BF4B-00C04F79EFBC}") = "Calculadora.ConsoleApp1", "Calculadora.ConsoleApp1\Calculadora.ConsoleApp1.csproj", "{947E7C87-9A08-49DA-BEE9-22EABC34651B}"
EndProject
Global
	GlobalSection(SolutionConfigurationPlatforms) = preSolution
		Debug|Any CPU = Debug|Any CPU
		Release|Any CPU = Release|Any CPU
	EndGlobalSection
	GlobalSection(ProjectConfigurationPlatforms) = postSolution
		{947E7C87-9A08-49DA-BEE9-22EABC34651B}.Debug|Any CPU.ActiveCfg = Debug|Any CPU
		{947E7C87-9A08-49DA-BEE9-22EABC34651B}.Debug|Any CPU.Build.0 = Debug|Any CPU
		{947E7C87-9A08-49DA-BEE9-22EABC34651B}.Release|Any CPU.ActiveCfg = Release|Any CPU
		{947E7C87-9A08-49DA-BEE9-22EABC34651B}.Release|Any CPU.Build.0 = Release|Any CPU
	EndGlobalSection
	GlobalSection(SolutionProperties) = preSolution
		HideSolutionNode = FALSE
	EndGlobalSection
	GlobalSection(ExtensibilityGlobals) = postSolution
		SolutionGuid = {34809C3C-64D6-4F3C-B041-58EE17F65E67}
	EndGlobalSection
EndGlobal
